PODS:
  - Capacitor (6.2.1):
    - CapacitorCordova
  - CapacitorCommunityBluetoothLe (6.1.0):
    - Capacitor
  - CapacitorCordova (6.2.1)
  - CapacitorSecureStoragePlugin (0.13.0):
    - Capacitor
    - SwiftKeychainWrapper
  - SwiftKeychainWrapper (4.0.1)

DEPENDENCIES:
  - "Capacitor (from `../../node_modules/@capacitor/ios`)"
  - "CapacitorCommunityBluetoothLe (from `../../node_modules/@capacitor-community/bluetooth-le`)"
  - "CapacitorCordova (from `../../node_modules/@capacitor/ios`)"
  - CapacitorSecureStoragePlugin (from `../../node_modules/capacitor-secure-storage-plugin`)

SPEC REPOS:
  trunk:
    - SwiftKeychainWrapper

EXTERNAL SOURCES:
  Capacitor:
    :path: "../../node_modules/@capacitor/ios"
  CapacitorCommunityBluetoothLe:
    :path: "../../node_modules/@capacitor-community/bluetooth-le"
  CapacitorCordova:
    :path: "../../node_modules/@capacitor/ios"
  CapacitorSecureStoragePlugin:
    :path: "../../node_modules/capacitor-secure-storage-plugin"

SPEC CHECKSUMS:
  Capacitor: c95400d761e376be9da6be5a05f226c0e865cebf
  CapacitorCommunityBluetoothLe: 0d4d197e0d0eadb84d4c3a6683768088253419d9
  CapacitorCordova: 8d93e14982f440181be7304aa9559ca631d77fff
  CapacitorSecureStoragePlugin: d083ff28d9ba5bc74924b9bcf9754ea605016b63
  SwiftKeychainWrapper: 807ba1d63c33a7d0613288512399cd1eda1e470c

PODFILE CHECKSUM: 1184d6683b45b284c8f7740ad15223fb8ed760a5

COCOAPODS: 1.16.2
